
Microsoft Visual Studio Solution File, Format Version 12.00
# Visual Studio Version 17
VisualStudioVersion = 17.9.34728.123
MinimumVisualStudioVersion = 10.0.40219.1
Project("{9A19103F-16F7-4668-BE54-9A1E7A4F7556}") = "Server_TCP", "Server_TCP\Server_TCP.csproj", "{88AC40F6-70B0-490D-AE1F-680310C0D570}"
EndProject
Project("{FAE04EC0-301F-11D3-BF4B-00C04F79EFBC}") = "Client_TCP", "Client_TCP\Client_TCP.csproj", "{DF594CDA-2CCD-4F8B-96E5-3167BC405B92}"
EndProject
Global
	GlobalSection(SolutionConfigurationPlatforms) = preSolution
		Debug|Any CPU = Debug|Any CPU
		Release|Any CPU = Release|Any CPU
	EndGlobalSection
	GlobalSection(ProjectConfigurationPlatforms) = postSolution
		{88AC40F6-70B0-490D-AE1F-680310C0D570}.Debug|Any CPU.ActiveCfg = Debug|Any CPU
		{88AC40F6-70B0-490D-AE1F-680310C0D570}.Debug|Any CPU.Build.0 = Debug|Any CPU
		{88AC40F6-70B0-490D-AE1F-680310C0D570}.Release|Any CPU.ActiveCfg = Release|Any CPU
		{88AC40F6-70B0-490D-AE1F-680310C0D570}.Release|Any CPU.Build.0 = Release|Any CPU
		{DF594CDA-2CCD-4F8B-96E5-3167BC405B92}.Debug|Any CPU.ActiveCfg = Debug|Any CPU
		{DF594CDA-2CCD-4F8B-96E5-3167BC405B92}.Debug|Any CPU.Build.0 = Debug|Any CPU
		{DF594CDA-2CCD-4F8B-96E5-3167BC405B92}.Release|Any CPU.ActiveCfg = Release|Any CPU
		{DF594CDA-2CCD-4F8B-96E5-3167BC405B92}.Release|Any CPU.Build.0 = Release|Any CPU
	EndGlobalSection
	GlobalSection(SolutionProperties) = preSolution
		HideSolutionNode = FALSE
	EndGlobalSection
	GlobalSection(ExtensibilityGlobals) = postSolution
		SolutionGuid = {700FC14B-E3E3-422E-8D4C-5771561584F8}
	EndGlobalSection
EndGlobal
